// !$*UTF8*$!
{
	archiveVersion = 1;
	classes = {
	};
	objectVersion = 50;
	objects = {

/* Begin PBXBuildFile section */
		9269886B25667C2F00205699 /* Initialize.swift in Sources */ = {isa = PBXBuildFile; fileRef = 9269886A25667C2F00205699 /* Initialize.swift */; };
		9269886E256BED3700205699 /* HeroController.swift in Sources */ = {isa = PBXBuildFile; fileRef = 9269886D256BED3700205699 /* HeroController.swift */; };
		92BDF9702577B8700031D134 /* ButtonController.swift in Sources */ = {isa = PBXBuildFile; fileRef = 92BDF96F2577B8700031D134 /* ButtonController.swift */; };
		92BDF9732577B8870031D134 /* InteractionController.swift in Sources */ = {isa = PBXBuildFile; fileRef = 92BDF9722577B8870031D134 /* InteractionController.swift */; };
		92E3AE22256D59E900F5B39F /* StateController.swift in Sources */ = {isa = PBXBuildFile; fileRef = 92E3AE21256D59E900F5B39F /* StateController.swift */; };
		92E9D74B2552F42D006E8B93 /* RogueApp.swift in Sources */ = {isa = PBXBuildFile; fileRef = 92E9D74A2552F42D006E8B93 /* RogueApp.swift */; };
		92E9D74D2552F42D006E8B93 /* ContentView.swift in Sources */ = {isa = PBXBuildFile; fileRef = 92E9D74C2552F42D006E8B93 /* ContentView.swift */; };
		92E9D74F2552F42F006E8B93 /* Assets.xcassets in Resources */ = {isa = PBXBuildFile; fileRef = 92E9D74E2552F42F006E8B93 /* Assets.xcassets */; };
		92E9D7522552F42F006E8B93 /* Preview Assets.xcassets in Resources */ = {isa = PBXBuildFile; fileRef = 92E9D7512552F42F006E8B93 /* Preview Assets.xcassets */; };
		92E9D75D25553C6B006E8B93 /* MessageView.swift in Sources */ = {isa = PBXBuildFile; fileRef = 92E9D75C25553C6B006E8B93 /* MessageView.swift */; };
		92E9D76125553C7D006E8B93 /* MapView.swift in Sources */ = {isa = PBXBuildFile; fileRef = 92E9D76025553C7D006E8B93 /* MapView.swift */; };
		92E9D76425553C91006E8B93 /* StatusView.swift in Sources */ = {isa = PBXBuildFile; fileRef = 92E9D76325553C91006E8B93 /* StatusView.swift */; };
		92E9D76725553CA8006E8B93 /* ButtonView.swift in Sources */ = {isa = PBXBuildFile; fileRef = 92E9D76625553CA8006E8B93 /* ButtonView.swift */; };
		92E9D76C255563F3006E8B93 /* Primitives.swift in Sources */ = {isa = PBXBuildFile; fileRef = 92E9D76B255563F3006E8B93 /* Primitives.swift */; };
		92E9D76F25557EA5006E8B93 /* Globals.swift in Sources */ = {isa = PBXBuildFile; fileRef = 92E9D76E25557EA5006E8B93 /* Globals.swift */; };
		92E9D7732555AA78006E8B93 /* InstanceController.swift in Sources */ = {isa = PBXBuildFile; fileRef = 92E9D7722555AA77006E8B93 /* InstanceController.swift */; };
/* End PBXBuildFile section */

/* Begin PBXFileReference section */
		9269886A25667C2F00205699 /* Initialize.swift */ = {isa = PBXFileReference; lastKnownFileType = sourcecode.swift; path = Initialize.swift; sourceTree = "<group>"; };
		9269886D256BED3700205699 /* HeroController.swift */ = {isa = PBXFileReference; lastKnownFileType = sourcecode.swift; path = HeroController.swift; sourceTree = "<group>"; };
		92BDF96F2577B8700031D134 /* ButtonController.swift */ = {isa = PBXFileReference; lastKnownFileType = sourcecode.swift; path = ButtonController.swift; sourceTree = "<group>"; };
		92BDF9722577B8870031D134 /* InteractionController.swift */ = {isa = PBXFileReference; lastKnownFileType = sourcecode.swift; path = InteractionController.swift; sourceTree = "<group>"; };
		92E3AE21256D59E900F5B39F /* StateController.swift */ = {isa = PBXFileReference; lastKnownFileType = sourcecode.swift; path = StateController.swift; sourceTree = "<group>"; };
		92E9D7472552F42D006E8B93 /* Rogue.app */ = {isa = PBXFileReference; explicitFileType = wrapper.application; includeInIndex = 0; path = Rogue.app; sourceTree = BUILT_PRODUCTS_DIR; };
		92E9D74A2552F42D006E8B93 /* RogueApp.swift */ = {isa = PBXFileReference; lastKnownFileType = sourcecode.swift; path = RogueApp.swift; sourceTree = "<group>"; };
		92E9D74C2552F42D006E8B93 /* ContentView.swift */ = {isa = PBXFileReference; lastKnownFileType = sourcecode.swift; path = ContentView.swift; sourceTree = "<group>"; };
		92E9D74E2552F42F006E8B93 /* Assets.xcassets */ = {isa = PBXFileReference; lastKnownFileType = folder.assetcatalog; path = Assets.xcassets; sourceTree = "<group>"; };
		92E9D7512552F42F006E8B93 /* Preview Assets.xcassets */ = {isa = PBXFileReference; lastKnownFileType = folder.assetcatalog; path = "Preview Assets.xcassets"; sourceTree = "<group>"; };
		92E9D7532552F42F006E8B93 /* Info.plist */ = {isa = PBXFileReference; lastKnownFileType = text.plist.xml; path = Info.plist; sourceTree = "<group>"; };
		92E9D75C25553C6B006E8B93 /* MessageView.swift */ = {isa = PBXFileReference; lastKnownFileType = sourcecode.swift; path = MessageView.swift; sourceTree = "<group>"; };
		92E9D76025553C7D006E8B93 /* MapView.swift */ = {isa = PBXFileReference; lastKnownFileType = sourcecode.swift; path = MapView.swift; sourceTree = "<group>"; };
		92E9D76325553C91006E8B93 /* StatusView.swift */ = {isa = PBXFileReference; lastKnownFileType = sourcecode.swift; path = StatusView.swift; sourceTree = "<group>"; };
		92E9D76625553CA8006E8B93 /* ButtonView.swift */ = {isa = PBXFileReference; lastKnownFileType = sourcecode.swift; path = ButtonView.swift; sourceTree = "<group>"; };
		92E9D76B255563F3006E8B93 /* Primitives.swift */ = {isa = PBXFileReference; lastKnownFileType = sourcecode.swift; path = Primitives.swift; sourceTree = "<group>"; };
		92E9D76E25557EA5006E8B93 /* Globals.swift */ = {isa = PBXFileReference; lastKnownFileType = sourcecode.swift; path = Globals.swift; sourceTree = "<group>"; };
		92E9D7722555AA77006E8B93 /* InstanceController.swift */ = {isa = PBXFileReference; lastKnownFileType = sourcecode.swift; path = InstanceController.swift; sourceTree = "<group>"; };
/* End PBXFileReference section */

/* Begin PBXFrameworksBuildPhase section */
		92E9D7442552F42D006E8B93 /* Frameworks */ = {
			isa = PBXFrameworksBuildPhase;
			buildActionMask = 2147483647;
			files = (
			);
			runOnlyForDeploymentPostprocessing = 0;
		};
/* End PBXFrameworksBuildPhase section */

/* Begin PBXGroup section */
		92E9D73E2552F42D006E8B93 = {
			isa = PBXGroup;
			children = (
				92E9D7492552F42D006E8B93 /* Rogue */,
				92E9D7482552F42D006E8B93 /* Products */,
			);
			sourceTree = "<group>";
		};
		92E9D7482552F42D006E8B93 /* Products */ = {
			isa = PBXGroup;
			children = (
				92E9D7472552F42D006E8B93 /* Rogue.app */,
			);
			name = Products;
			sourceTree = "<group>";
		};
		92E9D7492552F42D006E8B93 /* Rogue */ = {
			isa = PBXGroup;
			children = (
				92E9D7712555A960006E8B93 /* Controller */,
				92E9D7692555426A006E8B93 /* Model */,
				92E9D75B25553C33006E8B93 /* View */,
				92E9D74A2552F42D006E8B93 /* RogueApp.swift */,
				92E9D74E2552F42F006E8B93 /* Assets.xcassets */,
				92E9D7532552F42F006E8B93 /* Info.plist */,
				92E9D7502552F42F006E8B93 /* Preview Content */,
			);
			path = Rogue;
			sourceTree = "<group>";
		};
		92E9D7502552F42F006E8B93 /* Preview Content */ = {
			isa = PBXGroup;
			children = (
				92E9D7512552F42F006E8B93 /* Preview Assets.xcassets */,
			);
			path = "Preview Content";
			sourceTree = "<group>";
		};
		92E9D75B25553C33006E8B93 /* View */ = {
			isa = PBXGroup;
			children = (
				92E9D74C2552F42D006E8B93 /* ContentView.swift */,
				92E9D75C25553C6B006E8B93 /* MessageView.swift */,
				92E9D76025553C7D006E8B93 /* MapView.swift */,
				92E9D76325553C91006E8B93 /* StatusView.swift */,
				92E9D76625553CA8006E8B93 /* ButtonView.swift */,
			);
			path = View;
			sourceTree = "<group>";
		};
		92E9D7692555426A006E8B93 /* Model */ = {
			isa = PBXGroup;
			children = (
				92E9D76B255563F3006E8B93 /* Primitives.swift */,
				92E9D76E25557EA5006E8B93 /* Globals.swift */,
				9269886A25667C2F00205699 /* Initialize.swift */,
			);
			path = Model;
			sourceTree = "<group>";
		};
		92E9D7712555A960006E8B93 /* Controller */ = {
			isa = PBXGroup;
			children = (
				92E9D7722555AA77006E8B93 /* InstanceController.swift */,
				9269886D256BED3700205699 /* HeroController.swift */,
				92E3AE21256D59E900F5B39F /* StateController.swift */,
				92BDF96F2577B8700031D134 /* ButtonController.swift */,
				92BDF9722577B8870031D134 /* InteractionController.swift */,
			);
			path = Controller;
			sourceTree = "<group>";
		};
/* End PBXGroup section */

/* Begin PBXNativeTarget section */
		92E9D7462552F42D006E8B93 /* Rogue */ = {
			isa = PBXNativeTarget;
			buildConfigurationList = 92E9D7562552F42F006E8B93 /* Build configuration list for PBXNativeTarget "Rogue" */;
			buildPhases = (
				92E9D7432552F42D006E8B93 /* Sources */,
				92E9D7442552F42D006E8B93 /* Frameworks */,
				92E9D7452552F42D006E8B93 /* Resources */,
			);
			buildRules = (
			);
			dependencies = (
			);
			name = Rogue;
			productName = Rogue;
			productReference = 92E9D7472552F42D006E8B93 /* Rogue.app */;
			productType = "com.apple.product-type.application";
		};
/* End PBXNativeTarget section */

/* Begin PBXProject section */
		92E9D73F2552F42D006E8B93 /* Project object */ = {
			isa = PBXProject;
			attributes = {
				LastSwiftUpdateCheck = 1210;
				LastUpgradeCheck = 1210;
				TargetAttributes = {
					92E9D7462552F42D006E8B93 = {
						CreatedOnToolsVersion = 12.1;
					};
				};
			};
			buildConfigurationList = 92E9D7422552F42D006E8B93 /* Build configuration list for PBXProject "Rogue" */;
			compatibilityVersion = "Xcode 9.3";
			developmentRegion = en;
			hasScannedForEncodings = 0;
			knownRegions = (
				en,
				Base,
			);
			mainGroup = 92E9D73E2552F42D006E8B93;
			productRefGroup = 92E9D7482552F42D006E8B93 /* Products */;
			projectDirPath = "";
			projectRoot = "";
			targets = (
				92E9D7462552F42D006E8B93 /* Rogue */,
			);
		};
/* End PBXProject section */

/* Begin PBXResourcesBuildPhase section */
		92E9D7452552F42D006E8B93 /* Resources */ = {
			isa = PBXResourcesBuildPhase;
			buildActionMask = 2147483647;
			files = (
				92E9D7522552F42F006E8B93 /* Preview Assets.xcassets in Resources */,
				92E9D74F2552F42F006E8B93 /* Assets.xcassets in Resources */,
			);
			runOnlyForDeploymentPostprocessing = 0;
		};
/* End PBXResourcesBuildPhase section */

/* Begin PBXSourcesBuildPhase section */
		92E9D7432552F42D006E8B93 /* Sources */ = {
			isa = PBXSourcesBuildPhase;
			buildActionMask = 2147483647;
			files = (
				92E9D75D25553C6B006E8B93 /* MessageView.swift in Sources */,
				92E3AE22256D59E900F5B39F /* StateController.swift in Sources */,
				92E9D76125553C7D006E8B93 /* MapView.swift in Sources */,
				92E9D76725553CA8006E8B93 /* ButtonView.swift in Sources */,
				9269886E256BED3700205699 /* HeroController.swift in Sources */,
				92E9D74D2552F42D006E8B93 /* ContentView.swift in Sources */,
				92BDF9732577B8870031D134 /* InteractionController.swift in Sources */,
				92E9D74B2552F42D006E8B93 /* RogueApp.swift in Sources */,
				9269886B25667C2F00205699 /* Initialize.swift in Sources */,
				92E9D76F25557EA5006E8B93 /* Globals.swift in Sources */,
				92E9D76C255563F3006E8B93 /* Primitives.swift in Sources */,
				92E9D7732555AA78006E8B93 /* InstanceController.swift in Sources */,
				92E9D76425553C91006E8B93 /* StatusView.swift in Sources */,
				92BDF9702577B8700031D134 /* ButtonController.swift in Sources */,
			);
			runOnlyForDeploymentPostprocessing = 0;
		};
/* End PBXSourcesBuildPhase section */

/* Begin XCBuildConfiguration section */
		92E9D7542552F42F006E8B93 /* Debug */ = {
			isa = XCBuildConfiguration;
			buildSettings = {
				ALWAYS_SEARCH_USER_PATHS = NO;
				CLANG_ANALYZER_NONNULL = YES;
				CLANG_ANALYZER_NUMBER_OBJECT_CONVERSION = YES_AGGRESSIVE;
				CLANG_CXX_LANGUAGE_STANDARD = "gnu++14";
				CLANG_CXX_LIBRARY = "libc++";
				CLANG_ENABLE_MODULES = YES;
				CLANG_ENABLE_OBJC_ARC = YES;
				CLANG_ENABLE_OBJC_WEAK = YES;
				CLANG_WARN_BLOCK_CAPTURE_AUTORELEASING = YES;
				CLANG_WARN_BOOL_CONVERSION = YES;
				CLANG_WARN_COMMA = YES;
				CLANG_WARN_CONSTANT_CONVERSION = YES;
				CLANG_WARN_DEPRECATED_OBJC_IMPLEMENTATIONS = YES;
				CLANG_WARN_DIRECT_OBJC_ISA_USAGE = YES_ERROR;
				CLANG_WARN_DOCUMENTATION_COMMENTS = YES;
				CLANG_WARN_EMPTY_BODY = YES;
				CLANG_WARN_ENUM_CONVERSION = YES;
				CLANG_WARN_INFINITE_RECURSION = YES;
				CLANG_WARN_INT_CONVERSION = YES;
				CLANG_WARN_NON_LITERAL_NULL_CONVERSION = YES;
				CLANG_WARN_OBJC_IMPLICIT_RETAIN_SELF = YES;
				CLANG_WARN_OBJC_LITERAL_CONVERSION = YES;
				CLANG_WARN_OBJC_ROOT_CLASS = YES_ERROR;
				CLANG_WARN_QUOTED_INCLUDE_IN_FRAMEWORK_HEADER = YES;
				CLANG_WARN_RANGE_LOOP_ANALYSIS = YES;
				CLANG_WARN_STRICT_PROTOTYPES = YES;
				CLANG_WARN_SUSPICIOUS_MOVE = YES;
				CLANG_WARN_UNGUARDED_AVAILABILITY = YES_AGGRESSIVE;
				CLANG_WARN_UNREACHABLE_CODE = YES;
				CLANG_WARN__DUPLICATE_METHOD_MATCH = YES;
				COPY_PHASE_STRIP = NO;
				DEBUG_INFORMATION_FORMAT = dwarf;
				ENABLE_STRICT_OBJC_MSGSEND = YES;
				ENABLE_TESTABILITY = YES;
				GCC_C_LANGUAGE_STANDARD = gnu11;
				GCC_DYNAMIC_NO_PIC = NO;
				GCC_NO_COMMON_BLOCKS = YES;
				GCC_OPTIMIZATION_LEVEL = 0;
				GCC_PREPROCESSOR_DEFINITIONS = (
					"DEBUG=1",
					"$(inherited)",
				);
				GCC_WARN_64_TO_32_BIT_CONVERSION = YES;
				GCC_WARN_ABOUT_RETURN_TYPE = YES_ERROR;
				GCC_WARN_UNDECLARED_SELECTOR = YES;
				GCC_WARN_UNINITIALIZED_AUTOS = YES_AGGRESSIVE;
				GCC_WARN_UNUSED_FUNCTION = YES;
				GCC_WARN_UNUSED_VARIABLE = YES;
				IPHONEOS_DEPLOYMENT_TARGET = 14.1;
				MTL_ENABLE_DEBUG_INFO = INCLUDE_SOURCE;
				MTL_FAST_MATH = YES;
				ONLY_ACTIVE_ARCH = YES;
				SDKROOT = iphoneos;
				SWIFT_ACTIVE_COMPILATION_CONDITIONS = DEBUG;
				SWIFT_OPTIMIZATION_LEVEL = "-Onone";
			};
			name = Debug;
		};
		92E9D7552552F42F006E8B93 /* Release */ = {
			isa = XCBuildConfiguration;
			buildSettings = {
				ALWAYS_SEARCH_USER_PATHS = NO;
				CLANG_ANALYZER_NONNULL = YES;
				CLANG_ANALYZER_NUMBER_OBJECT_CONVERSION = YES_AGGRESSIVE;
				CLANG_CXX_LANGUAGE_STANDARD = "gnu++14";
				CLANG_CXX_LIBRARY = "libc++";
				CLANG_ENABLE_MODULES = YES;
				CLANG_ENABLE_OBJC_ARC = YES;
				CLANG_ENABLE_OBJC_WEAK = YES;
				CLANG_WARN_BLOCK_CAPTURE_AUTORELEASING = YES;
				CLANG_WARN_BOOL_CONVERSION = YES;
				CLANG_WARN_COMMA = YES;
				CLANG_WARN_CONSTANT_CONVERSION = YES;
				CLANG_WARN_DEPRECATED_OBJC_IMPLEMENTATIONS = YES;
				CLANG_WARN_DIRECT_OBJC_ISA_USAGE = YES_ERROR;
				CLANG_WARN_DOCUMENTATION_COMMENTS = YES;
				CLANG_WARN_EMPTY_BODY = YES;
				CLANG_WARN_ENUM_CONVERSION = YES;
				CLANG_WARN_INFINITE_RECURSION = YES;
				CLANG_WARN_INT_CONVERSION = YES;
				CLANG_WARN_NON_LITERAL_NULL_CONVERSION = YES;
				CLANG_WARN_OBJC_IMPLICIT_RETAIN_SELF = YES;
				CLANG_WARN_OBJC_LITERAL_CONVERSION = YES;
				CLANG_WARN_OBJC_ROOT_CLASS = YES_ERROR;
				CLANG_WARN_QUOTED_INCLUDE_IN_FRAMEWORK_HEADER = YES;
				CLANG_WARN_RANGE_LOOP_ANALYSIS = YES;
				CLANG_WARN_STRICT_PROTOTYPES = YES;
				CLANG_WARN_SUSPICIOUS_MOVE = YES;
				CLANG_WARN_UNGUARDED_AVAILABILITY = YES_AGGRESSIVE;
				CLANG_WARN_UNREACHABLE_CODE = YES;
				CLANG_WARN__DUPLICATE_METHOD_MATCH = YES;
				COPY_PHASE_STRIP = NO;
				DEBUG_INFORMATION_FORMAT = "dwarf-with-dsym";
				ENABLE_NS_ASSERTIONS = NO;
				ENABLE_STRICT_OBJC_MSGSEND = YES;
				GCC_C_LANGUAGE_STANDARD = gnu11;
				GCC_NO_COMMON_BLOCKS = YES;
				GCC_WARN_64_TO_32_BIT_CONVERSION = YES;
				GCC_WARN_ABOUT_RETURN_TYPE = YES_ERROR;
				GCC_WARN_UNDECLARED_SELECTOR = YES;
				GCC_WARN_UNINITIALIZED_AUTOS = YES_AGGRESSIVE;
				GCC_WARN_UNUSED_FUNCTION = YES;
				GCC_WARN_UNUSED_VARIABLE = YES;
				IPHONEOS_DEPLOYMENT_TARGET = 14.1;
				MTL_ENABLE_DEBUG_INFO = NO;
				MTL_FAST_MATH = YES;
				SDKROOT = iphoneos;
				SWIFT_COMPILATION_MODE = wholemodule;
				SWIFT_OPTIMIZATION_LEVEL = "-O";
				VALIDATE_PRODUCT = YES;
			};
			name = Release;
		};
		92E9D7572552F42F006E8B93 /* Debug */ = {
			isa = XCBuildConfiguration;
			buildSettings = {
				ASSETCATALOG_COMPILER_APPICON_NAME = AppIcon;
				ASSETCATALOG_COMPILER_GLOBAL_ACCENT_COLOR_NAME = AccentColor;
				CODE_SIGN_STYLE = Automatic;
				DEVELOPMENT_ASSET_PATHS = "\"Rogue/Preview Content\"";
				DEVELOPMENT_TEAM = A46WB45972;
				ENABLE_PREVIEWS = YES;
				INFOPLIST_FILE = Rogue/Info.plist;
				IPHONEOS_DEPLOYMENT_TARGET = 14.0;
				LD_RUNPATH_SEARCH_PATHS = (
					"$(inherited)",
					"@executable_path/Frameworks",
				);
				PRODUCT_BUNDLE_IDENTIFIER = com.denissi.Rogue;
				PRODUCT_NAME = "$(TARGET_NAME)";
				SWIFT_VERSION = 5.0;
				TARGETED_DEVICE_FAMILY = "1,2";
			};
			name = Debug;
		};
		92E9D7582552F42F006E8B93 /* Release */ = {
			isa = XCBuildConfiguration;
			buildSettings = {
				ASSETCATALOG_COMPILER_APPICON_NAME = AppIcon;
				ASSETCATALOG_COMPILER_GLOBAL_ACCENT_COLOR_NAME = AccentColor;
				CODE_SIGN_STYLE = Automatic;
				DEVELOPMENT_ASSET_PATHS = "\"Rogue/Preview Content\"";
				DEVELOPMENT_TEAM = A46WB45972;
				ENABLE_PREVIEWS = YES;
				INFOPLIST_FILE = Rogue/Info.plist;
				IPHONEOS_DEPLOYMENT_TARGET = 14.0;
				LD_RUNPATH_SEARCH_PATHS = (
					"$(inherited)",
					"@executable_path/Frameworks",
				);
				PRODUCT_BUNDLE_IDENTIFIER = com.denissi.Rogue;
				PRODUCT_NAME = "$(TARGET_NAME)";
				SWIFT_VERSION = 5.0;
				TARGETED_DEVICE_FAMILY = "1,2";
			};
			name = Release;
		};
/* End XCBuildConfiguration section */

/* Begin XCConfigurationList section */
		92E9D7422552F42D006E8B93 /* Build configuration list for PBXProject "Rogue" */ = {
			isa = XCConfigurationList;
			buildConfigurations = (
				92E9D7542552F42F006E8B93 /* Debug */,
				92E9D7552552F42F006E8B93 /* Release */,
			);
			defaultConfigurationIsVisible = 0;
			defaultConfigurationName = Release;
		};
		92E9D7562552F42F006E8B93 /* Build configuration list for PBXNativeTarget "Rogue" */ = {
			isa = XCConfigurationList;
			buildConfigurations = (
				92E9D7572552F42F006E8B93 /* Debug */,
				92E9D7582552F42F006E8B93 /* Release */,
			);
			defaultConfigurationIsVisible = 0;
			defaultConfigurationName = Release;
		};
/* End XCConfigurationList section */
	};
	rootObject = 92E9D73F2552F42D006E8B93 /* Project object */;
}
